
Microsoft Visual Studio Solution File, Format Version 12.00
# Visual Studio Version 17
VisualStudioVersion = 17.0.31903.59
MinimumVisualStudioVersion = 10.0.40219.1
Project("{2150E333-8FDC-42A3-9474-1A3956D46DE8}") = "src", "src", "{02EA681E-C7D8-13C7-8484-4AC65E1B71E8}"
EndProject
Project("{2150E333-8FDC-42A3-9474-1A3956D46DE8}") = "tests", "tests", "{B489521C-74E8-423B-8EA0-90C9CA264C64}"
EndProject
Project("{2150E333-8FDC-42A3-9474-1A3956D46DE8}") = "CDB.Yield.Simulator.API", "CDB.Yield.Simulator.API", "{20EE5A16-B2B9-4A3E-8A55-CF6DE575602E}"
EndProject
Project("{FAE04EC0-301F-11D3-BF4B-00C04F79EFBC}") = "Api", "api\src\Api\Api.csproj", "{3DDC64BA-7223-506A-AD4D-B79B5D5D3C80}"
EndProject
Project("{FAE04EC0-301F-11D3-BF4B-00C04F79EFBC}") = "Application", "api\src\Application\Application.csproj", "{9D44A81C-51B0-A843-7164-5BFAE9219BD0}"
EndProject
Project("{FAE04EC0-301F-11D3-BF4B-00C04F79EFBC}") = "Domain", "api\src\Domain\Domain.csproj", "{84C6874D-DEFE-5FC0-B4FA-B2FBE8306FA8}"
EndProject
Project("{FAE04EC0-301F-11D3-BF4B-00C04F79EFBC}") = "Infra.CrossCutting", "api\src\Infra.CrossCutting\Infra.CrossCutting.csproj", "{C26558D6-7527-E53A-E306-72966E26B745}"
EndProject
Project("{FAE04EC0-301F-11D3-BF4B-00C04F79EFBC}") = "Infra.Persistence", "api\src\Infra.Persistence\Infra.Persistence.csproj", "{B6457F02-3D43-D74B-868B-024A1CC4D208}"
EndProject
Project("{FAE04EC0-301F-11D3-BF4B-00C04F79EFBC}") = "Acceptance.Tests", "api\tests\Acceptance.Tests\Acceptance.Tests.csproj", "{DA71A985-5CC0-B5D6-F6DD-6148BF2D1853}"
EndProject
Project("{FAE04EC0-301F-11D3-BF4B-00C04F79EFBC}") = "Application.Tests", "api\tests\Application\Application.Tests.csproj", "{996422BF-4A77-A61F-8B27-2C0C555978F6}"
EndProject
Project("{FAE04EC0-301F-11D3-BF4B-00C04F79EFBC}") = "Domain.Tests", "api\tests\Domain.Tests\Domain.Tests.csproj", "{FDBF8DFA-AC65-4130-D0C4-4D8088F8D1D0}"
EndProject
Project("{FAE04EC0-301F-11D3-BF4B-00C04F79EFBC}") = "TestSupport", "api\tests\TestSupport\TestSupport.csproj", "{78F25D5D-D8E1-4BFE-B11B-AC8C5CE60A76}"
EndProject
Project("{FAE04EC0-301F-11D3-BF4B-00C04F79EFBC}") = "DataContracts", "api\src\DataContracts\DataContracts.csproj", "{FE29B0B7-0FFA-47DA-97C6-3C04387E0262}"
EndProject
Project("{FAE04EC0-301F-11D3-BF4B-00C04F79EFBC}") = "Infra.Persistence.Tests", "api\tests\Infra.Persistence.Tests\Infra.Persistence.Tests.csproj", "{1E82D807-F295-4FA7-B331-39E8FFE4A81D}"
EndProject
Project("{FAE04EC0-301F-11D3-BF4B-00C04F79EFBC}") = "Infra.CrossCutting.Tests", "api\tests\Infra.CrossCutting.Tests\Infra.CrossCutting.Tests.csproj", "{5561CB13-602C-4DA1-9146-1E23BCE60857}"
EndProject
Global
	GlobalSection(SolutionConfigurationPlatforms) = preSolution
		Debug|Any CPU = Debug|Any CPU
		Release|Any CPU = Release|Any CPU
	EndGlobalSection
	GlobalSection(ProjectConfigurationPlatforms) = postSolution
		{3DDC64BA-7223-506A-AD4D-B79B5D5D3C80}.Debug|Any CPU.ActiveCfg = Debug|Any CPU
		{3DDC64BA-7223-506A-AD4D-B79B5D5D3C80}.Debug|Any CPU.Build.0 = Debug|Any CPU
		{3DDC64BA-7223-506A-AD4D-B79B5D5D3C80}.Release|Any CPU.ActiveCfg = Release|Any CPU
		{3DDC64BA-7223-506A-AD4D-B79B5D5D3C80}.Release|Any CPU.Build.0 = Release|Any CPU
		{9D44A81C-51B0-A843-7164-5BFAE9219BD0}.Debug|Any CPU.ActiveCfg = Debug|Any CPU
		{9D44A81C-51B0-A843-7164-5BFAE9219BD0}.Debug|Any CPU.Build.0 = Debug|Any CPU
		{9D44A81C-51B0-A843-7164-5BFAE9219BD0}.Release|Any CPU.ActiveCfg = Release|Any CPU
		{9D44A81C-51B0-A843-7164-5BFAE9219BD0}.Release|Any CPU.Build.0 = Release|Any CPU
		{84C6874D-DEFE-5FC0-B4FA-B2FBE8306FA8}.Debug|Any CPU.ActiveCfg = Debug|Any CPU
		{84C6874D-DEFE-5FC0-B4FA-B2FBE8306FA8}.Debug|Any CPU.Build.0 = Debug|Any CPU
		{84C6874D-DEFE-5FC0-B4FA-B2FBE8306FA8}.Release|Any CPU.ActiveCfg = Release|Any CPU
		{84C6874D-DEFE-5FC0-B4FA-B2FBE8306FA8}.Release|Any CPU.Build.0 = Release|Any CPU
		{C26558D6-7527-E53A-E306-72966E26B745}.Debug|Any CPU.ActiveCfg = Debug|Any CPU
		{C26558D6-7527-E53A-E306-72966E26B745}.Debug|Any CPU.Build.0 = Debug|Any CPU
		{C26558D6-7527-E53A-E306-72966E26B745}.Release|Any CPU.ActiveCfg = Release|Any CPU
		{C26558D6-7527-E53A-E306-72966E26B745}.Release|Any CPU.Build.0 = Release|Any CPU
		{B6457F02-3D43-D74B-868B-024A1CC4D208}.Debug|Any CPU.ActiveCfg = Debug|Any CPU
		{B6457F02-3D43-D74B-868B-024A1CC4D208}.Debug|Any CPU.Build.0 = Debug|Any CPU
		{B6457F02-3D43-D74B-868B-024A1CC4D208}.Release|Any CPU.ActiveCfg = Release|Any CPU
		{B6457F02-3D43-D74B-868B-024A1CC4D208}.Release|Any CPU.Build.0 = Release|Any CPU
		{DA71A985-5CC0-B5D6-F6DD-6148BF2D1853}.Debug|Any CPU.ActiveCfg = Debug|Any CPU
		{DA71A985-5CC0-B5D6-F6DD-6148BF2D1853}.Debug|Any CPU.Build.0 = Debug|Any CPU
		{DA71A985-5CC0-B5D6-F6DD-6148BF2D1853}.Release|Any CPU.ActiveCfg = Release|Any CPU
		{DA71A985-5CC0-B5D6-F6DD-6148BF2D1853}.Release|Any CPU.Build.0 = Release|Any CPU
		{996422BF-4A77-A61F-8B27-2C0C555978F6}.Debug|Any CPU.ActiveCfg = Debug|Any CPU
		{996422BF-4A77-A61F-8B27-2C0C555978F6}.Debug|Any CPU.Build.0 = Debug|Any CPU
		{996422BF-4A77-A61F-8B27-2C0C555978F6}.Release|Any CPU.ActiveCfg = Release|Any CPU
		{996422BF-4A77-A61F-8B27-2C0C555978F6}.Release|Any CPU.Build.0 = Release|Any CPU
		{FDBF8DFA-AC65-4130-D0C4-4D8088F8D1D0}.Debug|Any CPU.ActiveCfg = Debug|Any CPU
		{FDBF8DFA-AC65-4130-D0C4-4D8088F8D1D0}.Debug|Any CPU.Build.0 = Debug|Any CPU
		{FDBF8DFA-AC65-4130-D0C4-4D8088F8D1D0}.Release|Any CPU.ActiveCfg = Release|Any CPU
		{FDBF8DFA-AC65-4130-D0C4-4D8088F8D1D0}.Release|Any CPU.Build.0 = Release|Any CPU
		{78F25D5D-D8E1-4BFE-B11B-AC8C5CE60A76}.Debug|Any CPU.ActiveCfg = Debug|Any CPU
		{78F25D5D-D8E1-4BFE-B11B-AC8C5CE60A76}.Debug|Any CPU.Build.0 = Debug|Any CPU
		{78F25D5D-D8E1-4BFE-B11B-AC8C5CE60A76}.Release|Any CPU.ActiveCfg = Release|Any CPU
		{78F25D5D-D8E1-4BFE-B11B-AC8C5CE60A76}.Release|Any CPU.Build.0 = Release|Any CPU
		{FE29B0B7-0FFA-47DA-97C6-3C04387E0262}.Debug|Any CPU.ActiveCfg = Debug|Any CPU
		{FE29B0B7-0FFA-47DA-97C6-3C04387E0262}.Debug|Any CPU.Build.0 = Debug|Any CPU
		{FE29B0B7-0FFA-47DA-97C6-3C04387E0262}.Release|Any CPU.ActiveCfg = Release|Any CPU
		{FE29B0B7-0FFA-47DA-97C6-3C04387E0262}.Release|Any CPU.Build.0 = Release|Any CPU
		{1E82D807-F295-4FA7-B331-39E8FFE4A81D}.Debug|Any CPU.ActiveCfg = Debug|Any CPU
		{1E82D807-F295-4FA7-B331-39E8FFE4A81D}.Debug|Any CPU.Build.0 = Debug|Any CPU
		{1E82D807-F295-4FA7-B331-39E8FFE4A81D}.Release|Any CPU.ActiveCfg = Release|Any CPU
		{1E82D807-F295-4FA7-B331-39E8FFE4A81D}.Release|Any CPU.Build.0 = Release|Any CPU
		{5561CB13-602C-4DA1-9146-1E23BCE60857}.Debug|Any CPU.ActiveCfg = Debug|Any CPU
		{5561CB13-602C-4DA1-9146-1E23BCE60857}.Debug|Any CPU.Build.0 = Debug|Any CPU
		{5561CB13-602C-4DA1-9146-1E23BCE60857}.Release|Any CPU.ActiveCfg = Release|Any CPU
		{5561CB13-602C-4DA1-9146-1E23BCE60857}.Release|Any CPU.Build.0 = Release|Any CPU
	EndGlobalSection
	GlobalSection(SolutionProperties) = preSolution
		HideSolutionNode = FALSE
	EndGlobalSection
	GlobalSection(NestedProjects) = preSolution
		{02EA681E-C7D8-13C7-8484-4AC65E1B71E8} = {20EE5A16-B2B9-4A3E-8A55-CF6DE575602E}
		{B489521C-74E8-423B-8EA0-90C9CA264C64} = {20EE5A16-B2B9-4A3E-8A55-CF6DE575602E}
		{3DDC64BA-7223-506A-AD4D-B79B5D5D3C80} = {02EA681E-C7D8-13C7-8484-4AC65E1B71E8}
		{9D44A81C-51B0-A843-7164-5BFAE9219BD0} = {02EA681E-C7D8-13C7-8484-4AC65E1B71E8}
		{84C6874D-DEFE-5FC0-B4FA-B2FBE8306FA8} = {02EA681E-C7D8-13C7-8484-4AC65E1B71E8}
		{C26558D6-7527-E53A-E306-72966E26B745} = {02EA681E-C7D8-13C7-8484-4AC65E1B71E8}
		{B6457F02-3D43-D74B-868B-024A1CC4D208} = {02EA681E-C7D8-13C7-8484-4AC65E1B71E8}
		{DA71A985-5CC0-B5D6-F6DD-6148BF2D1853} = {B489521C-74E8-423B-8EA0-90C9CA264C64}
		{996422BF-4A77-A61F-8B27-2C0C555978F6} = {B489521C-74E8-423B-8EA0-90C9CA264C64}
		{FDBF8DFA-AC65-4130-D0C4-4D8088F8D1D0} = {B489521C-74E8-423B-8EA0-90C9CA264C64}
		{78F25D5D-D8E1-4BFE-B11B-AC8C5CE60A76} = {B489521C-74E8-423B-8EA0-90C9CA264C64}
		{FE29B0B7-0FFA-47DA-97C6-3C04387E0262} = {02EA681E-C7D8-13C7-8484-4AC65E1B71E8}
		{1E82D807-F295-4FA7-B331-39E8FFE4A81D} = {B489521C-74E8-423B-8EA0-90C9CA264C64}
		{5561CB13-602C-4DA1-9146-1E23BCE60857} = {B489521C-74E8-423B-8EA0-90C9CA264C64}
	EndGlobalSection
	GlobalSection(ExtensibilityGlobals) = postSolution
		SolutionGuid = {AD4CD044-3577-4513-BEF0-C00C3B0F7DFE}
	EndGlobalSection
EndGlobal
